// !$*UTF8*$!
{
	archiveVersion = 1;
	classes = {
	};
	objectVersion = 56;
	objects = {

/* Begin PBXBuildFile section */
		B96B80AE29BE07EF00C6FF73 /* FullScreenImageView.swift in Sources */ = {isa = PBXBuildFile; fileRef = B96B80AD29BE07EF00C6FF73 /* FullScreenImageView.swift */; };
		B999219629BDE78900FAAE24 /* EditGroupView.swift in Sources */ = {isa = PBXBuildFile; fileRef = B999219529BDE78900FAAE24 /* EditGroupView.swift */; };
		B999219829BDEC2300FAAE24 /* EditItemView.swift in Sources */ = {isa = PBXBuildFile; fileRef = B999219729BDEC2300FAAE24 /* EditItemView.swift */; };
		B9B8AABF29BB45DE007C36CA /* URLStorageApp.swift in Sources */ = {isa = PBXBuildFile; fileRef = B9B8AABE29BB45DE007C36CA /* URLStorageApp.swift */; };
		B9B8AAC329BB45E0007C36CA /* Assets.xcassets in Resources */ = {isa = PBXBuildFile; fileRef = B9B8AAC229BB45E0007C36CA /* Assets.xcassets */; };
		B9B8AAC629BB45E0007C36CA /* Preview Assets.xcassets in Resources */ = {isa = PBXBuildFile; fileRef = B9B8AAC529BB45E0007C36CA /* Preview Assets.xcassets */; };
		B9B8AAC829BB45E0007C36CA /* Persistence.swift in Sources */ = {isa = PBXBuildFile; fileRef = B9B8AAC729BB45E0007C36CA /* Persistence.swift */; };
		B9B8AACB29BB45E0007C36CA /* URLStorage.xcdatamodeld in Sources */ = {isa = PBXBuildFile; fileRef = B9B8AAC929BB45E0007C36CA /* URLStorage.xcdatamodeld */; };
		B9B8AAD729BB46C1007C36CA /* DataExtension.swift in Sources */ = {isa = PBXBuildFile; fileRef = B9B8AAD629BB46C1007C36CA /* DataExtension.swift */; };
		B9B8AAD929BB46E5007C36CA /* ViewExtension.swift in Sources */ = {isa = PBXBuildFile; fileRef = B9B8AAD829BB46E5007C36CA /* ViewExtension.swift */; };
		B9B8AADB29BB4701007C36CA /* MainView.swift in Sources */ = {isa = PBXBuildFile; fileRef = B9B8AADA29BB4701007C36CA /* MainView.swift */; };
		B9B8AADD29BB473C007C36CA /* VideoThumbnailView.swift in Sources */ = {isa = PBXBuildFile; fileRef = B9B8AADC29BB473C007C36CA /* VideoThumbnailView.swift */; };
		B9B8AADF29BB4750007C36CA /* NavigationDestinationView.swift in Sources */ = {isa = PBXBuildFile; fileRef = B9B8AADE29BB4750007C36CA /* NavigationDestinationView.swift */; };
		B9B8AAE229BB47AC007C36CA /* SwiftSoup in Frameworks */ = {isa = PBXBuildFile; productRef = B9B8AAE129BB47AC007C36CA /* SwiftSoup */; };
		B9B8AAE529BB47B6007C36CA /* Kingfisher in Frameworks */ = {isa = PBXBuildFile; productRef = B9B8AAE429BB47B6007C36CA /* Kingfisher */; };
		B9B8AAE729BB47CE007C36CA /* addTaskGroupView.swift in Sources */ = {isa = PBXBuildFile; fileRef = B9B8AAE629BB47CE007C36CA /* addTaskGroupView.swift */; };
		B9B8AAE929BB47E6007C36CA /* addTaskView.swift in Sources */ = {isa = PBXBuildFile; fileRef = B9B8AAE829BB47E6007C36CA /* addTaskView.swift */; };
		B9B8AAEF29BB4842007C36CA /* CoreDataHelper.swift in Sources */ = {isa = PBXBuildFile; fileRef = B9B8AAEE29BB4842007C36CA /* CoreDataHelper.swift */; };
		B9B8AAF129BB48AC007C36CA /* GroupColor.swift in Sources */ = {isa = PBXBuildFile; fileRef = B9B8AAF029BB48AC007C36CA /* GroupColor.swift */; };
		B9B8AAF629BB4A72007C36CA /* GroupItem+CoreDataClass.swift in Sources */ = {isa = PBXBuildFile; fileRef = B9B8AAF229BB4A72007C36CA /* GroupItem+CoreDataClass.swift */; };
		B9B8AAF729BB4A72007C36CA /* GroupItem+CoreDataProperties.swift in Sources */ = {isa = PBXBuildFile; fileRef = B9B8AAF329BB4A72007C36CA /* GroupItem+CoreDataProperties.swift */; };
		B9B8AAF829BB4A72007C36CA /* Groups+CoreDataClass.swift in Sources */ = {isa = PBXBuildFile; fileRef = B9B8AAF429BB4A72007C36CA /* Groups+CoreDataClass.swift */; };
		B9B8AAF929BB4A72007C36CA /* Groups+CoreDataProperties.swift in Sources */ = {isa = PBXBuildFile; fileRef = B9B8AAF529BB4A72007C36CA /* Groups+CoreDataProperties.swift */; };
/* End PBXBuildFile section */

/* Begin PBXFileReference section */
		B96B80AD29BE07EF00C6FF73 /* FullScreenImageView.swift */ = {isa = PBXFileReference; lastKnownFileType = sourcecode.swift; path = FullScreenImageView.swift; sourceTree = "<group>"; };
		B999219529BDE78900FAAE24 /* EditGroupView.swift */ = {isa = PBXFileReference; lastKnownFileType = sourcecode.swift; path = EditGroupView.swift; sourceTree = "<group>"; };
		B999219729BDEC2300FAAE24 /* EditItemView.swift */ = {isa = PBXFileReference; lastKnownFileType = sourcecode.swift; path = EditItemView.swift; sourceTree = "<group>"; };
		B9B8AABB29BB45DE007C36CA /* URLStorage.app */ = {isa = PBXFileReference; explicitFileType = wrapper.application; includeInIndex = 0; path = URLStorage.app; sourceTree = BUILT_PRODUCTS_DIR; };
		B9B8AABE29BB45DE007C36CA /* URLStorageApp.swift */ = {isa = PBXFileReference; lastKnownFileType = sourcecode.swift; path = URLStorageApp.swift; sourceTree = "<group>"; };
		B9B8AAC229BB45E0007C36CA /* Assets.xcassets */ = {isa = PBXFileReference; lastKnownFileType = folder.assetcatalog; path = Assets.xcassets; sourceTree = "<group>"; };
		B9B8AAC529BB45E0007C36CA /* Preview Assets.xcassets */ = {isa = PBXFileReference; lastKnownFileType = folder.assetcatalog; path = "Preview Assets.xcassets"; sourceTree = "<group>"; };
		B9B8AAC729BB45E0007C36CA /* Persistence.swift */ = {isa = PBXFileReference; lastKnownFileType = sourcecode.swift; path = Persistence.swift; sourceTree = "<group>"; };
		B9B8AACA29BB45E0007C36CA /* URLStorage.xcdatamodel */ = {isa = PBXFileReference; lastKnownFileType = wrapper.xcdatamodel; path = URLStorage.xcdatamodel; sourceTree = "<group>"; };
		B9B8AACC29BB45E0007C36CA /* Info.plist */ = {isa = PBXFileReference; lastKnownFileType = text.plist.xml; path = Info.plist; sourceTree = "<group>"; };
		B9B8AAD629BB46C1007C36CA /* DataExtension.swift */ = {isa = PBXFileReference; lastKnownFileType = sourcecode.swift; path = DataExtension.swift; sourceTree = "<group>"; };
		B9B8AAD829BB46E5007C36CA /* ViewExtension.swift */ = {isa = PBXFileReference; lastKnownFileType = sourcecode.swift; path = ViewExtension.swift; sourceTree = "<group>"; };
		B9B8AADA29BB4701007C36CA /* MainView.swift */ = {isa = PBXFileReference; lastKnownFileType = sourcecode.swift; path = MainView.swift; sourceTree = "<group>"; };
		B9B8AADC29BB473C007C36CA /* VideoThumbnailView.swift */ = {isa = PBXFileReference; lastKnownFileType = sourcecode.swift; path = VideoThumbnailView.swift; sourceTree = "<group>"; };
		B9B8AADE29BB4750007C36CA /* NavigationDestinationView.swift */ = {isa = PBXFileReference; lastKnownFileType = sourcecode.swift; path = NavigationDestinationView.swift; sourceTree = "<group>"; };
		B9B8AAE629BB47CE007C36CA /* addTaskGroupView.swift */ = {isa = PBXFileReference; lastKnownFileType = sourcecode.swift; path = addTaskGroupView.swift; sourceTree = "<group>"; };
		B9B8AAE829BB47E6007C36CA /* addTaskView.swift */ = {isa = PBXFileReference; lastKnownFileType = sourcecode.swift; path = addTaskView.swift; sourceTree = "<group>"; };
		B9B8AAEE29BB4842007C36CA /* CoreDataHelper.swift */ = {isa = PBXFileReference; lastKnownFileType = sourcecode.swift; path = CoreDataHelper.swift; sourceTree = "<group>"; };
		B9B8AAF029BB48AC007C36CA /* GroupColor.swift */ = {isa = PBXFileReference; lastKnownFileType = sourcecode.swift; path = GroupColor.swift; sourceTree = "<group>"; };
		B9B8AAF229BB4A72007C36CA /* GroupItem+CoreDataClass.swift */ = {isa = PBXFileReference; lastKnownFileType = sourcecode.swift; path = "GroupItem+CoreDataClass.swift"; sourceTree = "<group>"; };
		B9B8AAF329BB4A72007C36CA /* GroupItem+CoreDataProperties.swift */ = {isa = PBXFileReference; lastKnownFileType = sourcecode.swift; path = "GroupItem+CoreDataProperties.swift"; sourceTree = "<group>"; };
		B9B8AAF429BB4A72007C36CA /* Groups+CoreDataClass.swift */ = {isa = PBXFileReference; lastKnownFileType = sourcecode.swift; path = "Groups+CoreDataClass.swift"; sourceTree = "<group>"; };
		B9B8AAF529BB4A72007C36CA /* Groups+CoreDataProperties.swift */ = {isa = PBXFileReference; lastKnownFileType = sourcecode.swift; path = "Groups+CoreDataProperties.swift"; sourceTree = "<group>"; };
/* End PBXFileReference section */

/* Begin PBXFrameworksBuildPhase section */
		B9B8AAB829BB45DE007C36CA /* Frameworks */ = {
			isa = PBXFrameworksBuildPhase;
			buildActionMask = 2147483647;
			files = (
				B9B8AAE529BB47B6007C36CA /* Kingfisher in Frameworks */,
				B9B8AAE229BB47AC007C36CA /* SwiftSoup in Frameworks */,
			);
			runOnlyForDeploymentPostprocessing = 0;
		};
/* End PBXFrameworksBuildPhase section */

/* Begin PBXGroup section */
		B9B8AAB229BB45DE007C36CA = {
			isa = PBXGroup;
			children = (
				B9B8AABD29BB45DE007C36CA /* URLStorage */,
				B9B8AABC29BB45DE007C36CA /* Products */,
			);
			sourceTree = "<group>";
		};
		B9B8AABC29BB45DE007C36CA /* Products */ = {
			isa = PBXGroup;
			children = (
				B9B8AABB29BB45DE007C36CA /* URLStorage.app */,
			);
			name = Products;
			sourceTree = "<group>";
		};
		B9B8AABD29BB45DE007C36CA /* URLStorage */ = {
			isa = PBXGroup;
			children = (
				B9B8AAFA29BB4A76007C36CA /* CoreData */,
				B9B8AAD529BB4699007C36CA /* Model */,
				B9B8AAD429BB468E007C36CA /* Heplers */,
				B9B8AAD229BB4673007C36CA /* View */,
				B9B8AAD329BB467D007C36CA /* Extensions */,
				B9B8AABE29BB45DE007C36CA /* URLStorageApp.swift */,
				B9B8AAC229BB45E0007C36CA /* Assets.xcassets */,
				B9B8AACC29BB45E0007C36CA /* Info.plist */,
				B9B8AAC429BB45E0007C36CA /* Preview Content */,
			);
			path = URLStorage;
			sourceTree = "<group>";
		};
		B9B8AAC429BB45E0007C36CA /* Preview Content */ = {
			isa = PBXGroup;
			children = (
				B9B8AAC529BB45E0007C36CA /* Preview Assets.xcassets */,
			);
			path = "Preview Content";
			sourceTree = "<group>";
		};
		B9B8AAD229BB4673007C36CA /* View */ = {
			isa = PBXGroup;
			children = (
				B9B8AADA29BB4701007C36CA /* MainView.swift */,
				B9B8AADE29BB4750007C36CA /* NavigationDestinationView.swift */,
				B9B8AADC29BB473C007C36CA /* VideoThumbnailView.swift */,
				B96B80AD29BE07EF00C6FF73 /* FullScreenImageView.swift */,
				B9B8AAE629BB47CE007C36CA /* addTaskGroupView.swift */,
				B9B8AAE829BB47E6007C36CA /* addTaskView.swift */,
				B999219529BDE78900FAAE24 /* EditGroupView.swift */,
				B999219729BDEC2300FAAE24 /* EditItemView.swift */,
			);
			path = View;
			sourceTree = "<group>";
		};
		B9B8AAD329BB467D007C36CA /* Extensions */ = {
			isa = PBXGroup;
			children = (
				B9B8AAD629BB46C1007C36CA /* DataExtension.swift */,
				B9B8AAD829BB46E5007C36CA /* ViewExtension.swift */,
			);
			path = Extensions;
			sourceTree = "<group>";
		};
		B9B8AAD429BB468E007C36CA /* Heplers */ = {
			isa = PBXGroup;
			children = (
				B9B8AAEE29BB4842007C36CA /* CoreDataHelper.swift */,
			);
			path = Heplers;
			sourceTree = "<group>";
		};
		B9B8AAD529BB4699007C36CA /* Model */ = {
			isa = PBXGroup;
			children = (
				B9B8AAF029BB48AC007C36CA /* GroupColor.swift */,
			);
			path = Model;
			sourceTree = "<group>";
		};
		B9B8AAFA29BB4A76007C36CA /* CoreData */ = {
			isa = PBXGroup;
			children = (
				B9B8AAC929BB45E0007C36CA /* URLStorage.xcdatamodeld */,
				B9B8AAC729BB45E0007C36CA /* Persistence.swift */,
				B9B8AAF429BB4A72007C36CA /* Groups+CoreDataClass.swift */,
				B9B8AAF529BB4A72007C36CA /* Groups+CoreDataProperties.swift */,
				B9B8AAF229BB4A72007C36CA /* GroupItem+CoreDataClass.swift */,
				B9B8AAF329BB4A72007C36CA /* GroupItem+CoreDataProperties.swift */,
			);
			path = CoreData;
			sourceTree = "<group>";
		};
/* End PBXGroup section */

/* Begin PBXNativeTarget section */
		B9B8AABA29BB45DE007C36CA /* URLStorage */ = {
			isa = PBXNativeTarget;
			buildConfigurationList = B9B8AACF29BB45E0007C36CA /* Build configuration list for PBXNativeTarget "URLStorage" */;
			buildPhases = (
				B9B8AAB729BB45DE007C36CA /* Sources */,
				B9B8AAB829BB45DE007C36CA /* Frameworks */,
				B9B8AAB929BB45DE007C36CA /* Resources */,
			);
			buildRules = (
			);
			dependencies = (
			);
			name = URLStorage;
			packageProductDependencies = (
				B9B8AAE129BB47AC007C36CA /* SwiftSoup */,
				B9B8AAE429BB47B6007C36CA /* Kingfisher */,
			);
			productName = URLStorage;
			productReference = B9B8AABB29BB45DE007C36CA /* URLStorage.app */;
			productType = "com.apple.product-type.application";
		};
/* End PBXNativeTarget section */

/* Begin PBXProject section */
		B9B8AAB329BB45DE007C36CA /* Project object */ = {
			isa = PBXProject;
			attributes = {
				BuildIndependentTargetsInParallel = 1;
				LastSwiftUpdateCheck = 1420;
				LastUpgradeCheck = 1420;
				TargetAttributes = {
					B9B8AABA29BB45DE007C36CA = {
						CreatedOnToolsVersion = 14.2;
					};
				};
			};
			buildConfigurationList = B9B8AAB629BB45DE007C36CA /* Build configuration list for PBXProject "URLStorage" */;
			compatibilityVersion = "Xcode 14.0";
			developmentRegion = en;
			hasScannedForEncodings = 0;
			knownRegions = (
				en,
				Base,
			);
			mainGroup = B9B8AAB229BB45DE007C36CA;
			packageReferences = (
				B9B8AAE029BB47AC007C36CA /* XCRemoteSwiftPackageReference "SwiftSoup" */,
				B9B8AAE329BB47B6007C36CA /* XCRemoteSwiftPackageReference "Kingfisher" */,
			);
			productRefGroup = B9B8AABC29BB45DE007C36CA /* Products */;
			projectDirPath = "";
			projectRoot = "";
			targets = (
				B9B8AABA29BB45DE007C36CA /* URLStorage */,
			);
		};
/* End PBXProject section */

/* Begin PBXResourcesBuildPhase section */
		B9B8AAB929BB45DE007C36CA /* Resources */ = {
			isa = PBXResourcesBuildPhase;
			buildActionMask = 2147483647;
			files = (
				B9B8AAC629BB45E0007C36CA /* Preview Assets.xcassets in Resources */,
				B9B8AAC329BB45E0007C36CA /* Assets.xcassets in Resources */,
			);
			runOnlyForDeploymentPostprocessing = 0;
		};
/* End PBXResourcesBuildPhase section */

/* Begin PBXSourcesBuildPhase section */
		B9B8AAB729BB45DE007C36CA /* Sources */ = {
			isa = PBXSourcesBuildPhase;
			buildActionMask = 2147483647;
			files = (
				B9B8AAD929BB46E5007C36CA /* ViewExtension.swift in Sources */,
				B9B8AAE729BB47CE007C36CA /* addTaskGroupView.swift in Sources */,
				B9B8AADD29BB473C007C36CA /* VideoThumbnailView.swift in Sources */,
				B9B8AADB29BB4701007C36CA /* MainView.swift in Sources */,
				B96B80AE29BE07EF00C6FF73 /* FullScreenImageView.swift in Sources */,
				B9B8AAF729BB4A72007C36CA /* GroupItem+CoreDataProperties.swift in Sources */,
				B9B8AAF929BB4A72007C36CA /* Groups+CoreDataProperties.swift in Sources */,
				B9B8AAC829BB45E0007C36CA /* Persistence.swift in Sources */,
				B9B8AAF829BB4A72007C36CA /* Groups+CoreDataClass.swift in Sources */,
				B9B8AABF29BB45DE007C36CA /* URLStorageApp.swift in Sources */,
				B9B8AACB29BB45E0007C36CA /* URLStorage.xcdatamodeld in Sources */,
				B9B8AAF629BB4A72007C36CA /* GroupItem+CoreDataClass.swift in Sources */,
				B9B8AAD729BB46C1007C36CA /* DataExtension.swift in Sources */,
				B9B8AAF129BB48AC007C36CA /* GroupColor.swift in Sources */,
				B9B8AAEF29BB4842007C36CA /* CoreDataHelper.swift in Sources */,
				B9B8AADF29BB4750007C36CA /* NavigationDestinationView.swift in Sources */,
				B9B8AAE929BB47E6007C36CA /* addTaskView.swift in Sources */,
				B999219629BDE78900FAAE24 /* EditGroupView.swift in Sources */,
				B999219829BDEC2300FAAE24 /* EditItemView.swift in Sources */,
			);
			runOnlyForDeploymentPostprocessing = 0;
		};
/* End PBXSourcesBuildPhase section */

/* Begin XCBuildConfiguration section */
		B9B8AACD29BB45E0007C36CA /* Debug */ = {
			isa = XCBuildConfiguration;
			buildSettings = {
				ALWAYS_SEARCH_USER_PATHS = NO;
				CLANG_ANALYZER_NONNULL = YES;
				CLANG_ANALYZER_NUMBER_OBJECT_CONVERSION = YES_AGGRESSIVE;
				CLANG_CXX_LANGUAGE_STANDARD = "gnu++20";
				CLANG_ENABLE_MODULES = YES;
				CLANG_ENABLE_OBJC_ARC = YES;
				CLANG_ENABLE_OBJC_WEAK = YES;
				CLANG_WARN_BLOCK_CAPTURE_AUTORELEASING = YES;
				CLANG_WARN_BOOL_CONVERSION = YES;
				CLANG_WARN_COMMA = YES;
				CLANG_WARN_CONSTANT_CONVERSION = YES;
				CLANG_WARN_DEPRECATED_OBJC_IMPLEMENTATIONS = YES;
				CLANG_WARN_DIRECT_OBJC_ISA_USAGE = YES_ERROR;
				CLANG_WARN_DOCUMENTATION_COMMENTS = YES;
				CLANG_WARN_EMPTY_BODY = YES;
				CLANG_WARN_ENUM_CONVERSION = YES;
				CLANG_WARN_INFINITE_RECURSION = YES;
				CLANG_WARN_INT_CONVERSION = YES;
				CLANG_WARN_NON_LITERAL_NULL_CONVERSION = YES;
				CLANG_WARN_OBJC_IMPLICIT_RETAIN_SELF = YES;
				CLANG_WARN_OBJC_LITERAL_CONVERSION = YES;
				CLANG_WARN_OBJC_ROOT_CLASS = YES_ERROR;
				CLANG_WARN_QUOTED_INCLUDE_IN_FRAMEWORK_HEADER = YES;
				CLANG_WARN_RANGE_LOOP_ANALYSIS = YES;
				CLANG_WARN_STRICT_PROTOTYPES = YES;
				CLANG_WARN_SUSPICIOUS_MOVE = YES;
				CLANG_WARN_UNGUARDED_AVAILABILITY = YES_AGGRESSIVE;
				CLANG_WARN_UNREACHABLE_CODE = YES;
				CLANG_WARN__DUPLICATE_METHOD_MATCH = YES;
				COPY_PHASE_STRIP = NO;
				DEBUG_INFORMATION_FORMAT = dwarf;
				ENABLE_STRICT_OBJC_MSGSEND = YES;
				ENABLE_TESTABILITY = YES;
				GCC_C_LANGUAGE_STANDARD = gnu11;
				GCC_DYNAMIC_NO_PIC = NO;
				GCC_NO_COMMON_BLOCKS = YES;
				GCC_OPTIMIZATION_LEVEL = 0;
				GCC_PREPROCESSOR_DEFINITIONS = (
					"DEBUG=1",
					"$(inherited)",
				);
				GCC_WARN_64_TO_32_BIT_CONVERSION = YES;
				GCC_WARN_ABOUT_RETURN_TYPE = YES_ERROR;
				GCC_WARN_UNDECLARED_SELECTOR = YES;
				GCC_WARN_UNINITIALIZED_AUTOS = YES_AGGRESSIVE;
				GCC_WARN_UNUSED_FUNCTION = YES;
				GCC_WARN_UNUSED_VARIABLE = YES;
				IPHONEOS_DEPLOYMENT_TARGET = 16.2;
				MTL_ENABLE_DEBUG_INFO = INCLUDE_SOURCE;
				MTL_FAST_MATH = YES;
				ONLY_ACTIVE_ARCH = YES;
				SDKROOT = iphoneos;
				SWIFT_ACTIVE_COMPILATION_CONDITIONS = DEBUG;
				SWIFT_OPTIMIZATION_LEVEL = "-Onone";
			};
			name = Debug;
		};
		B9B8AACE29BB45E0007C36CA /* Release */ = {
			isa = XCBuildConfiguration;
			buildSettings = {
				ALWAYS_SEARCH_USER_PATHS = NO;
				CLANG_ANALYZER_NONNULL = YES;
				CLANG_ANALYZER_NUMBER_OBJECT_CONVERSION = YES_AGGRESSIVE;
				CLANG_CXX_LANGUAGE_STANDARD = "gnu++20";
				CLANG_ENABLE_MODULES = YES;
				CLANG_ENABLE_OBJC_ARC = YES;
				CLANG_ENABLE_OBJC_WEAK = YES;
				CLANG_WARN_BLOCK_CAPTURE_AUTORELEASING = YES;
				CLANG_WARN_BOOL_CONVERSION = YES;
				CLANG_WARN_COMMA = YES;
				CLANG_WARN_CONSTANT_CONVERSION = YES;
				CLANG_WARN_DEPRECATED_OBJC_IMPLEMENTATIONS = YES;
				CLANG_WARN_DIRECT_OBJC_ISA_USAGE = YES_ERROR;
				CLANG_WARN_DOCUMENTATION_COMMENTS = YES;
				CLANG_WARN_EMPTY_BODY = YES;
				CLANG_WARN_ENUM_CONVERSION = YES;
				CLANG_WARN_INFINITE_RECURSION = YES;
				CLANG_WARN_INT_CONVERSION = YES;
				CLANG_WARN_NON_LITERAL_NULL_CONVERSION = YES;
				CLANG_WARN_OBJC_IMPLICIT_RETAIN_SELF = YES;
				CLANG_WARN_OBJC_LITERAL_CONVERSION = YES;
				CLANG_WARN_OBJC_ROOT_CLASS = YES_ERROR;
				CLANG_WARN_QUOTED_INCLUDE_IN_FRAMEWORK_HEADER = YES;
				CLANG_WARN_RANGE_LOOP_ANALYSIS = YES;
				CLANG_WARN_STRICT_PROTOTYPES = YES;
				CLANG_WARN_SUSPICIOUS_MOVE = YES;
				CLANG_WARN_UNGUARDED_AVAILABILITY = YES_AGGRESSIVE;
				CLANG_WARN_UNREACHABLE_CODE = YES;
				CLANG_WARN__DUPLICATE_METHOD_MATCH = YES;
				COPY_PHASE_STRIP = NO;
				DEBUG_INFORMATION_FORMAT = "dwarf-with-dsym";
				ENABLE_NS_ASSERTIONS = NO;
				ENABLE_STRICT_OBJC_MSGSEND = YES;
				GCC_C_LANGUAGE_STANDARD = gnu11;
				GCC_NO_COMMON_BLOCKS = YES;
				GCC_WARN_64_TO_32_BIT_CONVERSION = YES;
				GCC_WARN_ABOUT_RETURN_TYPE = YES_ERROR;
				GCC_WARN_UNDECLARED_SELECTOR = YES;
				GCC_WARN_UNINITIALIZED_AUTOS = YES_AGGRESSIVE;
				GCC_WARN_UNUSED_FUNCTION = YES;
				GCC_WARN_UNUSED_VARIABLE = YES;
				IPHONEOS_DEPLOYMENT_TARGET = 16.2;
				MTL_ENABLE_DEBUG_INFO = NO;
				MTL_FAST_MATH = YES;
				SDKROOT = iphoneos;
				SWIFT_COMPILATION_MODE = wholemodule;
				SWIFT_OPTIMIZATION_LEVEL = "-O";
				VALIDATE_PRODUCT = YES;
			};
			name = Release;
		};
		B9B8AAD029BB45E0007C36CA /* Debug */ = {
			isa = XCBuildConfiguration;
			buildSettings = {
				ASSETCATALOG_COMPILER_APPICON_NAME = AppIcon;
				ASSETCATALOG_COMPILER_GLOBAL_ACCENT_COLOR_NAME = AccentColor;
				CODE_SIGN_STYLE = Automatic;
				CURRENT_PROJECT_VERSION = 1;
				DEVELOPMENT_ASSET_PATHS = "\"URLStorage/Preview Content\"";
				DEVELOPMENT_TEAM = G4P24S754F;
				ENABLE_PREVIEWS = YES;
				GENERATE_INFOPLIST_FILE = YES;
				INFOPLIST_FILE = URLStorage/Info.plist;
				INFOPLIST_KEY_UIApplicationSupportsIndirectInputEvents = YES;
				INFOPLIST_KEY_UILaunchScreen_Generation = YES;
				INFOPLIST_KEY_UISupportedInterfaceOrientations_iPad = "UIInterfaceOrientationPortrait UIInterfaceOrientationPortraitUpsideDown UIInterfaceOrientationLandscapeLeft UIInterfaceOrientationLandscapeRight";
				INFOPLIST_KEY_UISupportedInterfaceOrientations_iPhone = "UIInterfaceOrientationPortrait UIInterfaceOrientationLandscapeLeft UIInterfaceOrientationLandscapeRight";
				LD_RUNPATH_SEARCH_PATHS = (
					"$(inherited)",
					"@executable_path/Frameworks",
				);
				MARKETING_VERSION = 1.0;
				PRODUCT_BUNDLE_IDENTIFIER = com.kotaro.URLStorage;
				PRODUCT_NAME = "$(TARGET_NAME)";
				SWIFT_EMIT_LOC_STRINGS = YES;
				SWIFT_VERSION = 5.0;
				TARGETED_DEVICE_FAMILY = "1,2";
			};
			name = Debug;
		};
		B9B8AAD129BB45E0007C36CA /* Release */ = {
			isa = XCBuildConfiguration;
			buildSettings = {
				ASSETCATALOG_COMPILER_APPICON_NAME = AppIcon;
				ASSETCATALOG_COMPILER_GLOBAL_ACCENT_COLOR_NAME = AccentColor;
				CODE_SIGN_STYLE = Automatic;
				CURRENT_PROJECT_VERSION = 1;
				DEVELOPMENT_ASSET_PATHS = "\"URLStorage/Preview Content\"";
				DEVELOPMENT_TEAM = G4P24S754F;
				ENABLE_PREVIEWS = YES;
				GENERATE_INFOPLIST_FILE = YES;
				INFOPLIST_FILE = URLStorage/Info.plist;
				INFOPLIST_KEY_UIApplicationSupportsIndirectInputEvents = YES;
				INFOPLIST_KEY_UILaunchScreen_Generation = YES;
				INFOPLIST_KEY_UISupportedInterfaceOrientations_iPad = "UIInterfaceOrientationPortrait UIInterfaceOrientationPortraitUpsideDown UIInterfaceOrientationLandscapeLeft UIInterfaceOrientationLandscapeRight";
				INFOPLIST_KEY_UISupportedInterfaceOrientations_iPhone = "UIInterfaceOrientationPortrait UIInterfaceOrientationLandscapeLeft UIInterfaceOrientationLandscapeRight";
				LD_RUNPATH_SEARCH_PATHS = (
					"$(inherited)",
					"@executable_path/Frameworks",
				);
				MARKETING_VERSION = 1.0;
				PRODUCT_BUNDLE_IDENTIFIER = com.kotaro.URLStorage;
				PRODUCT_NAME = "$(TARGET_NAME)";
				SWIFT_EMIT_LOC_STRINGS = YES;
				SWIFT_VERSION = 5.0;
				TARGETED_DEVICE_FAMILY = "1,2";
			};
			name = Release;
		};
/* End XCBuildConfiguration section */

/* Begin XCConfigurationList section */
		B9B8AAB629BB45DE007C36CA /* Build configuration list for PBXProject "URLStorage" */ = {
			isa = XCConfigurationList;
			buildConfigurations = (
				B9B8AACD29BB45E0007C36CA /* Debug */,
				B9B8AACE29BB45E0007C36CA /* Release */,
			);
			defaultConfigurationIsVisible = 0;
			defaultConfigurationName = Release;
		};
		B9B8AACF29BB45E0007C36CA /* Build configuration list for PBXNativeTarget "URLStorage" */ = {
			isa = XCConfigurationList;
			buildConfigurations = (
				B9B8AAD029BB45E0007C36CA /* Debug */,
				B9B8AAD129BB45E0007C36CA /* Release */,
			);
			defaultConfigurationIsVisible = 0;
			defaultConfigurationName = Release;
		};
/* End XCConfigurationList section */

/* Begin XCRemoteSwiftPackageReference section */
		B9B8AAE029BB47AC007C36CA /* XCRemoteSwiftPackageReference "SwiftSoup" */ = {
			isa = XCRemoteSwiftPackageReference;
			repositoryURL = "https://github.com/scinfu/SwiftSoup.git";
			requirement = {
				branch = master;
				kind = branch;
			};
		};
		B9B8AAE329BB47B6007C36CA /* XCRemoteSwiftPackageReference "Kingfisher" */ = {
			isa = XCRemoteSwiftPackageReference;
			repositoryURL = "https://github.com/onevcat/Kingfisher.git";
			requirement = {
				branch = master;
				kind = branch;
			};
		};
/* End XCRemoteSwiftPackageReference section */

/* Begin XCSwiftPackageProductDependency section */
		B9B8AAE129BB47AC007C36CA /* SwiftSoup */ = {
			isa = XCSwiftPackageProductDependency;
			package = B9B8AAE029BB47AC007C36CA /* XCRemoteSwiftPackageReference "SwiftSoup" */;
			productName = SwiftSoup;
		};
		B9B8AAE429BB47B6007C36CA /* Kingfisher */ = {
			isa = XCSwiftPackageProductDependency;
			package = B9B8AAE329BB47B6007C36CA /* XCRemoteSwiftPackageReference "Kingfisher" */;
			productName = Kingfisher;
		};
/* End XCSwiftPackageProductDependency section */

/* Begin XCVersionGroup section */
		B9B8AAC929BB45E0007C36CA /* URLStorage.xcdatamodeld */ = {
			isa = XCVersionGroup;
			children = (
				B9B8AACA29BB45E0007C36CA /* URLStorage.xcdatamodel */,
			);
			currentVersion = B9B8AACA29BB45E0007C36CA /* URLStorage.xcdatamodel */;
			path = URLStorage.xcdatamodeld;
			sourceTree = "<group>";
			versionGroupType = wrapper.xcdatamodel;
		};
/* End XCVersionGroup section */
	};
	rootObject = B9B8AAB329BB45DE007C36CA /* Project object */;
}
